github.com/cocoonlife/goalsa v0.0.0-20230731174733-19b297509b2e h1:qyp/y41c33saXW6HLjjbYn5pe8fCyDyXmXWN1dno1Jk=
github.com/cocoonlife/goalsa v0.0.0-20230731174733-19b297509b2e/go.mod h1:5aLO409bJnd+jCw0t/SB/DhHkVBhPAE31lnHJnYQxy0=
github.com/jfreymuth/pulse v0.1.1 h1:9WLNBNCijmtZ14ZJpatgJPu/NjwAl3TIKItSFnTh+9A=
github.com/jfreymuth/pulse v0.1.1/go.mod h1:cpYspI6YljhkUf1WLXLLDmeaaPFc3CnGLjDZf9dZ4no=
